
Microsoft Visual Studio Solution File, Format Version 12.00
# Visual Studio 2013
VisualStudioVersion = 12.0.31101.0
MinimumVisualStudioVersion = 10.0.40219.1
Project("{FAE04EC0-301F-11D3-BF4B-00C04F79EFBC}") = "SerializationLib", "SerializationLib\SerializationLib.csproj", "{5ED2C7F1-4EA5-43E2-875C-449E43FFB563}"
EndProject
Project("{FAE04EC0-301F-11D3-BF4B-00C04F79EFBC}") = "SerializationLibTests", "SerializationLibTests\SerializationLibTests.csproj", "{30A4B4D8-5701-4A1F-B865-F88E9BAA2D33}"
	ProjectSection(ProjectDependencies) = postProject
		{5ED2C7F1-4EA5-43E2-875C-449E43FFB563} = {5ED2C7F1-4EA5-43E2-875C-449E43FFB563}
	EndProjectSection
EndProject
Global
	GlobalSection(SolutionConfigurationPlatforms) = preSolution
		Debug|Any CPU = Debug|Any CPU
		Release|Any CPU = Release|Any CPU
	EndGlobalSection
	GlobalSection(ProjectConfigurationPlatforms) = postSolution
		{5ED2C7F1-4EA5-43E2-875C-449E43FFB563}.Debug|Any CPU.ActiveCfg = Debug|Any CPU
		{5ED2C7F1-4EA5-43E2-875C-449E43FFB563}.Debug|Any CPU.Build.0 = Debug|Any CPU
		{5ED2C7F1-4EA5-43E2-875C-449E43FFB563}.Release|Any CPU.ActiveCfg = Release|Any CPU
		{5ED2C7F1-4EA5-43E2-875C-449E43FFB563}.Release|Any CPU.Build.0 = Release|Any CPU
		{30A4B4D8-5701-4A1F-B865-F88E9BAA2D33}.Debug|Any CPU.ActiveCfg = Debug|Any CPU
		{30A4B4D8-5701-4A1F-B865-F88E9BAA2D33}.Debug|Any CPU.Build.0 = Debug|Any CPU
		{30A4B4D8-5701-4A1F-B865-F88E9BAA2D33}.Release|Any CPU.ActiveCfg = Release|Any CPU
		{30A4B4D8-5701-4A1F-B865-F88E9BAA2D33}.Release|Any CPU.Build.0 = Release|Any CPU
	EndGlobalSection
	GlobalSection(SolutionProperties) = preSolution
		HideSolutionNode = FALSE
	EndGlobalSection
EndGlobal
